// !$*UTF8*$!
{
	archiveVersion = 1;
	classes = {
	};
	objectVersion = 46;
	objects = {

/* Begin PBXBuildFile section */
		496F0343B6F1A15BDA118EBE /* Pods.framework in Frameworks */ = {isa = PBXBuildFile; fileRef = 7E73E1D7390F9513ADC0B603 /* Pods.framework */; };
		E164AE071BE89427007D83AA /* AppDelegate.swift in Sources */ = {isa = PBXBuildFile; fileRef = E164AE061BE89427007D83AA /* AppDelegate.swift */; };
		E164AE0C1BE89427007D83AA /* Main.storyboard in Resources */ = {isa = PBXBuildFile; fileRef = E164AE0A1BE89427007D83AA /* Main.storyboard */; };
		E164AE0E1BE89427007D83AA /* Assets.xcassets in Resources */ = {isa = PBXBuildFile; fileRef = E164AE0D1BE89427007D83AA /* Assets.xcassets */; };
		E164AE111BE89427007D83AA /* LaunchScreen.storyboard in Resources */ = {isa = PBXBuildFile; fileRef = E164AE0F1BE89427007D83AA /* LaunchScreen.storyboard */; };
		E164AE1C1BE89427007D83AA /* CalendarTests.swift in Sources */ = {isa = PBXBuildFile; fileRef = E164AE1B1BE89427007D83AA /* CalendarTests.swift */; };
		E164AE271BE89427007D83AA /* CalendarUITests.swift in Sources */ = {isa = PBXBuildFile; fileRef = E164AE261BE89427007D83AA /* CalendarUITests.swift */; };
		E168593D1C014F35006F971E /* Event.swift in Sources */ = {isa = PBXBuildFile; fileRef = E168593C1C014F35006F971E /* Event.swift */; };
		E16A0FC71BF7B174009392F2 /* User.swift in Sources */ = {isa = PBXBuildFile; fileRef = E16A0FC61BF7B174009392F2 /* User.swift */; };
		E16A0FCB1BF9B3D4009392F2 /* CalendarViewController.swift in Sources */ = {isa = PBXBuildFile; fileRef = E16A0FCA1BF9B3D4009392F2 /* CalendarViewController.swift */; };
		E18F86FE1C0EA8EC005DC1A0 /* ColllectionViewCell.swift in Sources */ = {isa = PBXBuildFile; fileRef = E18F86FD1C0EA8EC005DC1A0 /* ColllectionViewCell.swift */; };
		E19BC5391BE9399400A1ABA9 /* CVCalendar.framework in Frameworks */ = {isa = PBXBuildFile; fileRef = E19BC5381BE9399400A1ABA9 /* CVCalendar.framework */; };
		E19D0C0B1BF1215100F5BF10 /* CustomCell.swift in Sources */ = {isa = PBXBuildFile; fileRef = E19D0C0A1BF1215100F5BF10 /* CustomCell.swift */; };
		E1A278641C07919000983D1E /* Calendar.xcdatamodeld in Sources */ = {isa = PBXBuildFile; fileRef = E1A278621C07919000983D1E /* Calendar.xcdatamodeld */; };
		E1AE733A1BFB9C9300A2582D /* Year.swift in Sources */ = {isa = PBXBuildFile; fileRef = E1AE73391BFB9C9300A2582D /* Year.swift */; };
		E1AE733C1BFB9C9D00A2582D /* Month.swift in Sources */ = {isa = PBXBuildFile; fileRef = E1AE733B1BFB9C9D00A2582D /* Month.swift */; };
		E1AE733E1BFB9CA400A2582D /* Day.swift in Sources */ = {isa = PBXBuildFile; fileRef = E1AE733D1BFB9CA400A2582D /* Day.swift */; };
		E1AE73421BFC157600A2582D /* Cell.swift in Sources */ = {isa = PBXBuildFile; fileRef = E1AE73411BFC157600A2582D /* Cell.swift */; };
		E1AE73441BFD18B000A2582D /* UITableViewCellExtension.swift in Sources */ = {isa = PBXBuildFile; fileRef = E1AE73431BFD18B000A2582D /* UITableViewCellExtension.swift */; };
/* End PBXBuildFile section */

/* Begin PBXContainerItemProxy section */
		E164AE181BE89427007D83AA /* PBXContainerItemProxy */ = {
			isa = PBXContainerItemProxy;
			containerPortal = E164ADFB1BE89427007D83AA /* Project object */;
			proxyType = 1;
			remoteGlobalIDString = E164AE021BE89427007D83AA;
			remoteInfo = Calendar;
		};
		E164AE231BE89427007D83AA /* PBXContainerItemProxy */ = {
			isa = PBXContainerItemProxy;
			containerPortal = E164ADFB1BE89427007D83AA /* Project object */;
			proxyType = 1;
			remoteGlobalIDString = E164AE021BE89427007D83AA;
			remoteInfo = Calendar;
		};
/* End PBXContainerItemProxy section */

/* Begin PBXFileReference section */
		4DD3448FDB63C4C2B1690B7E /* Pods.debug.xcconfig */ = {isa = PBXFileReference; includeInIndex = 1; lastKnownFileType = text.xcconfig; name = Pods.debug.xcconfig; path = "Pods/Target Support Files/Pods/Pods.debug.xcconfig"; sourceTree = "<group>"; };
		7E73E1D7390F9513ADC0B603 /* Pods.framework */ = {isa = PBXFileReference; explicitFileType = wrapper.framework; includeInIndex = 0; path = Pods.framework; sourceTree = BUILT_PRODUCTS_DIR; };
		8E127B102098432FC5D0669A /* Pods.release.xcconfig */ = {isa = PBXFileReference; includeInIndex = 1; lastKnownFileType = text.xcconfig; name = Pods.release.xcconfig; path = "Pods/Target Support Files/Pods/Pods.release.xcconfig"; sourceTree = "<group>"; };
		E164AE031BE89427007D83AA /* Calendar.app */ = {isa = PBXFileReference; explicitFileType = wrapper.application; includeInIndex = 0; path = Calendar.app; sourceTree = BUILT_PRODUCTS_DIR; };
		E164AE061BE89427007D83AA /* AppDelegate.swift */ = {isa = PBXFileReference; lastKnownFileType = sourcecode.swift; path = AppDelegate.swift; sourceTree = "<group>"; };
		E164AE0B1BE89427007D83AA /* Base */ = {isa = PBXFileReference; lastKnownFileType = file.storyboard; name = Base; path = Base.lproj/Main.storyboard; sourceTree = "<group>"; };
		E164AE0D1BE89427007D83AA /* Assets.xcassets */ = {isa = PBXFileReference; lastKnownFileType = folder.assetcatalog; path = Assets.xcassets; sourceTree = "<group>"; };
		E164AE101BE89427007D83AA /* Base */ = {isa = PBXFileReference; lastKnownFileType = file.storyboard; name = Base; path = Base.lproj/LaunchScreen.storyboard; sourceTree = "<group>"; };
		E164AE121BE89427007D83AA /* Info.plist */ = {isa = PBXFileReference; lastKnownFileType = text.plist.xml; path = Info.plist; sourceTree = "<group>"; };
		E164AE171BE89427007D83AA /* CalendarTests.xctest */ = {isa = PBXFileReference; explicitFileType = wrapper.cfbundle; includeInIndex = 0; path = CalendarTests.xctest; sourceTree = BUILT_PRODUCTS_DIR; };
		E164AE1B1BE89427007D83AA /* CalendarTests.swift */ = {isa = PBXFileReference; lastKnownFileType = sourcecode.swift; path = CalendarTests.swift; sourceTree = "<group>"; };
		E164AE1D1BE89427007D83AA /* Info.plist */ = {isa = PBXFileReference; lastKnownFileType = text.plist.xml; path = Info.plist; sourceTree = "<group>"; };
		E164AE221BE89427007D83AA /* CalendarUITests.xctest */ = {isa = PBXFileReference; explicitFileType = wrapper.cfbundle; includeInIndex = 0; path = CalendarUITests.xctest; sourceTree = BUILT_PRODUCTS_DIR; };
		E164AE261BE89427007D83AA /* CalendarUITests.swift */ = {isa = PBXFileReference; lastKnownFileType = sourcecode.swift; path = CalendarUITests.swift; sourceTree = "<group>"; };
		E164AE281BE89427007D83AA /* Info.plist */ = {isa = PBXFileReference; lastKnownFileType = text.plist.xml; path = Info.plist; sourceTree = "<group>"; };
		E168593C1C014F35006F971E /* Event.swift */ = {isa = PBXFileReference; fileEncoding = 4; lastKnownFileType = sourcecode.swift; name = Event.swift; path = Calendar/Event.swift; sourceTree = "<group>"; };
		E16A0FC61BF7B174009392F2 /* User.swift */ = {isa = PBXFileReference; fileEncoding = 4; lastKnownFileType = sourcecode.swift; name = User.swift; path = Calendar/User.swift; sourceTree = "<group>"; };
		E16A0FCA1BF9B3D4009392F2 /* CalendarViewController.swift */ = {isa = PBXFileReference; fileEncoding = 4; lastKnownFileType = sourcecode.swift; path = CalendarViewController.swift; sourceTree = "<group>"; };
		E18F86FD1C0EA8EC005DC1A0 /* ColllectionViewCell.swift */ = {isa = PBXFileReference; fileEncoding = 4; lastKnownFileType = sourcecode.swift; path = ColllectionViewCell.swift; sourceTree = "<group>"; };
		E19BC5381BE9399400A1ABA9 /* CVCalendar.framework */ = {isa = PBXFileReference; lastKnownFileType = wrapper.framework; name = CVCalendar.framework; path = "Pods/../build/Release-iphoneos/CVCalendar.framework"; sourceTree = "<group>"; };
		E19D0C0A1BF1215100F5BF10 /* CustomCell.swift */ = {isa = PBXFileReference; fileEncoding = 4; lastKnownFileType = sourcecode.swift; path = CustomCell.swift; sourceTree = "<group>"; };
		E1A278631C07919000983D1E /* Calendar.xcdatamodel */ = {isa = PBXFileReference; lastKnownFileType = wrapper.xcdatamodel; path = Calendar.xcdatamodel; sourceTree = "<group>"; };
		E1AE73391BFB9C9300A2582D /* Year.swift */ = {isa = PBXFileReference; fileEncoding = 4; lastKnownFileType = sourcecode.swift; path = Year.swift; sourceTree = "<group>"; };
		E1AE733B1BFB9C9D00A2582D /* Month.swift */ = {isa = PBXFileReference; fileEncoding = 4; lastKnownFileType = sourcecode.swift; path = Month.swift; sourceTree = "<group>"; };
		E1AE733D1BFB9CA400A2582D /* Day.swift */ = {isa = PBXFileReference; fileEncoding = 4; lastKnownFileType = sourcecode.swift; path = Day.swift; sourceTree = "<group>"; };
		E1AE73411BFC157600A2582D /* Cell.swift */ = {isa = PBXFileReference; fileEncoding = 4; lastKnownFileType = sourcecode.swift; path = Cell.swift; sourceTree = "<group>"; };
		E1AE73431BFD18B000A2582D /* UITableViewCellExtension.swift */ = {isa = PBXFileReference; fileEncoding = 4; lastKnownFileType = sourcecode.swift; path = UITableViewCellExtension.swift; sourceTree = "<group>"; };
/* End PBXFileReference section */

/* Begin PBXFrameworksBuildPhase section */
		E164AE001BE89427007D83AA /* Frameworks */ = {
			isa = PBXFrameworksBuildPhase;
			buildActionMask = 2147483647;
			files = (
				E19BC5391BE9399400A1ABA9 /* CVCalendar.framework in Frameworks */,
				496F0343B6F1A15BDA118EBE /* Pods.framework in Frameworks */,
			);
			runOnlyForDeploymentPostprocessing = 0;
		};
		E164AE141BE89427007D83AA /* Frameworks */ = {
			isa = PBXFrameworksBuildPhase;
			buildActionMask = 2147483647;
			files = (
			);
			runOnlyForDeploymentPostprocessing = 0;
		};
		E164AE1F1BE89427007D83AA /* Frameworks */ = {
			isa = PBXFrameworksBuildPhase;
			buildActionMask = 2147483647;
			files = (
			);
			runOnlyForDeploymentPostprocessing = 0;
		};
/* End PBXFrameworksBuildPhase section */

/* Begin PBXGroup section */
		B7554F821F455C68B0714F30 /* Pods */ = {
			isa = PBXGroup;
			children = (
				4DD3448FDB63C4C2B1690B7E /* Pods.debug.xcconfig */,
				8E127B102098432FC5D0669A /* Pods.release.xcconfig */,
			);
			name = Pods;
			sourceTree = "<group>";
		};
		E164ADFA1BE89427007D83AA = {
			isa = PBXGroup;
			children = (
				E1A278621C07919000983D1E /* Calendar.xcdatamodeld */,
				E1AE73451BFD1E6B00A2582D /* Model */,
				E19D0C0A1BF1215100F5BF10 /* CustomCell.swift */,
				E18F86FD1C0EA8EC005DC1A0 /* ColllectionViewCell.swift */,
				E164AE051BE89427007D83AA /* Calendar */,
				E164AE1A1BE89427007D83AA /* CalendarTests */,
				E164AE251BE89427007D83AA /* CalendarUITests */,
				E164AE041BE89427007D83AA /* Products */,
				B7554F821F455C68B0714F30 /* Pods */,
				E216AD249FA4C44F79EA57FD /* Frameworks */,
			);
			sourceTree = "<group>";
		};
		E164AE041BE89427007D83AA /* Products */ = {
			isa = PBXGroup;
			children = (
				E164AE031BE89427007D83AA /* Calendar.app */,
				E164AE171BE89427007D83AA /* CalendarTests.xctest */,
				E164AE221BE89427007D83AA /* CalendarUITests.xctest */,
			);
			name = Products;
			sourceTree = "<group>";
		};
		E164AE051BE89427007D83AA /* Calendar */ = {
			isa = PBXGroup;
			children = (
				E16A0FCA1BF9B3D4009392F2 /* CalendarViewController.swift */,
				E1AE73431BFD18B000A2582D /* UITableViewCellExtension.swift */,
				E164AE0A1BE89427007D83AA /* Main.storyboard */,
				E164AE061BE89427007D83AA /* AppDelegate.swift */,
				E164AE0D1BE89427007D83AA /* Assets.xcassets */,
				E164AE0F1BE89427007D83AA /* LaunchScreen.storyboard */,
				E164AE121BE89427007D83AA /* Info.plist */,
			);
			path = Calendar;
			sourceTree = "<group>";
		};
		E164AE1A1BE89427007D83AA /* CalendarTests */ = {
			isa = PBXGroup;
			children = (
				E164AE1B1BE89427007D83AA /* CalendarTests.swift */,
				E164AE1D1BE89427007D83AA /* Info.plist */,
			);
			path = CalendarTests;
			sourceTree = "<group>";
		};
		E164AE251BE89427007D83AA /* CalendarUITests */ = {
			isa = PBXGroup;
			children = (
				E164AE261BE89427007D83AA /* CalendarUITests.swift */,
				E164AE281BE89427007D83AA /* Info.plist */,
			);
			path = CalendarUITests;
			sourceTree = "<group>";
		};
		E1AE73451BFD1E6B00A2582D /* Model */ = {
			isa = PBXGroup;
			children = (
				E1FE0AE31C0F5CC100CDA1CA /* Delete These */,
				E16A0FC61BF7B174009392F2 /* User.swift */,
				E168593C1C014F35006F971E /* Event.swift */,
			);
			name = Model;
			sourceTree = "<group>";
		};
		E1FE0AE31C0F5CC100CDA1CA /* Delete These */ = {
			isa = PBXGroup;
			children = (
				E1AE73391BFB9C9300A2582D /* Year.swift */,
				E1AE733B1BFB9C9D00A2582D /* Month.swift */,
				E1AE733D1BFB9CA400A2582D /* Day.swift */,
				E1AE73411BFC157600A2582D /* Cell.swift */,
			);
			name = "Delete These";
			sourceTree = "<group>";
		};
		E216AD249FA4C44F79EA57FD /* Frameworks */ = {
			isa = PBXGroup;
			children = (
				E19BC5381BE9399400A1ABA9 /* CVCalendar.framework */,
				7E73E1D7390F9513ADC0B603 /* Pods.framework */,
			);
			name = Frameworks;
			sourceTree = "<group>";
		};
/* End PBXGroup section */

/* Begin PBXNativeTarget section */
		E164AE021BE89427007D83AA /* Calendar */ = {
			isa = PBXNativeTarget;
			buildConfigurationList = E164AE2B1BE89427007D83AA /* Build configuration list for PBXNativeTarget "Calendar" */;
			buildPhases = (
				1B3E02102D20178186C3072A /* Check Pods Manifest.lock */,
				E164ADFF1BE89427007D83AA /* Sources */,
				E164AE001BE89427007D83AA /* Frameworks */,
				E164AE011BE89427007D83AA /* Resources */,
				9DC0AAC9FB451EA84C51C129 /* Embed Pods Frameworks */,
				740D3AAEB3A069E1D04B704E /* Copy Pods Resources */,
			);
			buildRules = (
			);
			dependencies = (
			);
			name = Calendar;
			productName = Calendar;
			productReference = E164AE031BE89427007D83AA /* Calendar.app */;
			productType = "com.apple.product-type.application";
		};
		E164AE161BE89427007D83AA /* CalendarTests */ = {
			isa = PBXNativeTarget;
			buildConfigurationList = E164AE2E1BE89427007D83AA /* Build configuration list for PBXNativeTarget "CalendarTests" */;
			buildPhases = (
				E164AE131BE89427007D83AA /* Sources */,
				E164AE141BE89427007D83AA /* Frameworks */,
				E164AE151BE89427007D83AA /* Resources */,
			);
			buildRules = (
			);
			dependencies = (
				E164AE191BE89427007D83AA /* PBXTargetDependency */,
			);
			name = CalendarTests;
			productName = CalendarTests;
			productReference = E164AE171BE89427007D83AA /* CalendarTests.xctest */;
			productType = "com.apple.product-type.bundle.unit-test";
		};
		E164AE211BE89427007D83AA /* CalendarUITests */ = {
			isa = PBXNativeTarget;
			buildConfigurationList = E164AE311BE89427007D83AA /* Build configuration list for PBXNativeTarget "CalendarUITests" */;
			buildPhases = (
				E164AE1E1BE89427007D83AA /* Sources */,
				E164AE1F1BE89427007D83AA /* Frameworks */,
				E164AE201BE89427007D83AA /* Resources */,
			);
			buildRules = (
			);
			dependencies = (
				E164AE241BE89427007D83AA /* PBXTargetDependency */,
			);
			name = CalendarUITests;
			productName = CalendarUITests;
			productReference = E164AE221BE89427007D83AA /* CalendarUITests.xctest */;
			productType = "com.apple.product-type.bundle.ui-testing";
		};
/* End PBXNativeTarget section */

/* Begin PBXProject section */
		E164ADFB1BE89427007D83AA /* Project object */ = {
			isa = PBXProject;
			attributes = {
				LastSwiftUpdateCheck = 0710;
				LastUpgradeCheck = 0710;
				ORGANIZATIONNAME = WordWise;
				TargetAttributes = {
					E164AE021BE89427007D83AA = {
						CreatedOnToolsVersion = 7.1;
						DevelopmentTeam = QF43K5VRQT;
					};
					E164AE161BE89427007D83AA = {
						CreatedOnToolsVersion = 7.1;
						TestTargetID = E164AE021BE89427007D83AA;
					};
					E164AE211BE89427007D83AA = {
						CreatedOnToolsVersion = 7.1;
						TestTargetID = E164AE021BE89427007D83AA;
					};
				};
			};
			buildConfigurationList = E164ADFE1BE89427007D83AA /* Build configuration list for PBXProject "Calendar" */;
			compatibilityVersion = "Xcode 3.2";
			developmentRegion = English;
			hasScannedForEncodings = 0;
			knownRegions = (
				en,
				Base,
			);
			mainGroup = E164ADFA1BE89427007D83AA;
			productRefGroup = E164AE041BE89427007D83AA /* Products */;
			projectDirPath = "";
			projectRoot = "";
			targets = (
				E164AE021BE89427007D83AA /* Calendar */,
				E164AE161BE89427007D83AA /* CalendarTests */,
				E164AE211BE89427007D83AA /* CalendarUITests */,
			);
		};
/* End PBXProject section */

/* Begin PBXResourcesBuildPhase section */
		E164AE011BE89427007D83AA /* Resources */ = {
			isa = PBXResourcesBuildPhase;
			buildActionMask = 2147483647;
			files = (
				E164AE111BE89427007D83AA /* LaunchScreen.storyboard in Resources */,
				E164AE0E1BE89427007D83AA /* Assets.xcassets in Resources */,
				E164AE0C1BE89427007D83AA /* Main.storyboard in Resources */,
			);
			runOnlyForDeploymentPostprocessing = 0;
		};
		E164AE151BE89427007D83AA /* Resources */ = {
			isa = PBXResourcesBuildPhase;
			buildActionMask = 2147483647;
			files = (
			);
			runOnlyForDeploymentPostprocessing = 0;
		};
		E164AE201BE89427007D83AA /* Resources */ = {
			isa = PBXResourcesBuildPhase;
			buildActionMask = 2147483647;
			files = (
			);
			runOnlyForDeploymentPostprocessing = 0;
		};
/* End PBXResourcesBuildPhase section */

/* Begin PBXShellScriptBuildPhase section */
		1B3E02102D20178186C3072A /* Check Pods Manifest.lock */ = {
			isa = PBXShellScriptBuildPhase;
			buildActionMask = 2147483647;
			files = (
			);
			inputPaths = (
			);
			name = "Check Pods Manifest.lock";
			outputPaths = (
			);
			runOnlyForDeploymentPostprocessing = 0;
			shellPath = /bin/sh;
			shellScript = "diff \"${PODS_ROOT}/../Podfile.lock\" \"${PODS_ROOT}/Manifest.lock\" > /dev/null\nif [[ $? != 0 ]] ; then\n    cat << EOM\nerror: The sandbox is not in sync with the Podfile.lock. Run 'pod install' or update your CocoaPods installation.\nEOM\n    exit 1\nfi\n";
			showEnvVarsInLog = 0;
		};
		740D3AAEB3A069E1D04B704E /* Copy Pods Resources */ = {
			isa = PBXShellScriptBuildPhase;
			buildActionMask = 2147483647;
			files = (
			);
			inputPaths = (
			);
			name = "Copy Pods Resources";
			outputPaths = (
			);
			runOnlyForDeploymentPostprocessing = 0;
			shellPath = /bin/sh;
			shellScript = "\"${SRCROOT}/Pods/Target Support Files/Pods/Pods-resources.sh\"\n";
			showEnvVarsInLog = 0;
		};
		9DC0AAC9FB451EA84C51C129 /* Embed Pods Frameworks */ = {
			isa = PBXShellScriptBuildPhase;
			buildActionMask = 2147483647;
			files = (
			);
			inputPaths = (
			);
			name = "Embed Pods Frameworks";
			outputPaths = (
			);
			runOnlyForDeploymentPostprocessing = 0;
			shellPath = /bin/sh;
			shellScript = "\"${SRCROOT}/Pods/Target Support Files/Pods/Pods-frameworks.sh\"\n";
			showEnvVarsInLog = 0;
		};
/* End PBXShellScriptBuildPhase section */

/* Begin PBXSourcesBuildPhase section */
		E164ADFF1BE89427007D83AA /* Sources */ = {
			isa = PBXSourcesBuildPhase;
			buildActionMask = 2147483647;
			files = (
				E16A0FCB1BF9B3D4009392F2 /* CalendarViewController.swift in Sources */,
				E19D0C0B1BF1215100F5BF10 /* CustomCell.swift in Sources */,
				E1AE73441BFD18B000A2582D /* UITableViewCellExtension.swift in Sources */,
				E18F86FE1C0EA8EC005DC1A0 /* ColllectionViewCell.swift in Sources */,
				E1AE733E1BFB9CA400A2582D /* Day.swift in Sources */,
				E168593D1C014F35006F971E /* Event.swift in Sources */,
				E1AE73421BFC157600A2582D /* Cell.swift in Sources */,
				E1AE733A1BFB9C9300A2582D /* Year.swift in Sources */,
				E164AE071BE89427007D83AA /* AppDelegate.swift in Sources */,
				E1AE733C1BFB9C9D00A2582D /* Month.swift in Sources */,
				E1A278641C07919000983D1E /* Calendar.xcdatamodeld in Sources */,
				E16A0FC71BF7B174009392F2 /* User.swift in Sources */,
			);
			runOnlyForDeploymentPostprocessing = 0;
		};
		E164AE131BE89427007D83AA /* Sources */ = {
			isa = PBXSourcesBuildPhase;
			buildActionMask = 2147483647;
			files = (
				E164AE1C1BE89427007D83AA /* CalendarTests.swift in Sources */,
			);
			runOnlyForDeploymentPostprocessing = 0;
		};
		E164AE1E1BE89427007D83AA /* Sources */ = {
			isa = PBXSourcesBuildPhase;
			buildActionMask = 2147483647;
			files = (
				E164AE271BE89427007D83AA /* CalendarUITests.swift in Sources */,
			);
			runOnlyForDeploymentPostprocessing = 0;
		};
/* End PBXSourcesBuildPhase section */

/* Begin PBXTargetDependency section */
		E164AE191BE89427007D83AA /* PBXTargetDependency */ = {
			isa = PBXTargetDependency;
			target = E164AE021BE89427007D83AA /* Calendar */;
			targetProxy = E164AE181BE89427007D83AA /* PBXContainerItemProxy */;
		};
		E164AE241BE89427007D83AA /* PBXTargetDependency */ = {
			isa = PBXTargetDependency;
			target = E164AE021BE89427007D83AA /* Calendar */;
			targetProxy = E164AE231BE89427007D83AA /* PBXContainerItemProxy */;
		};
/* End PBXTargetDependency section */

/* Begin PBXVariantGroup section */
		E164AE0A1BE89427007D83AA /* Main.storyboard */ = {
			isa = PBXVariantGroup;
			children = (
				E164AE0B1BE89427007D83AA /* Base */,
			);
			name = Main.storyboard;
			sourceTree = "<group>";
		};
		E164AE0F1BE89427007D83AA /* LaunchScreen.storyboard */ = {
			isa = PBXVariantGroup;
			children = (
				E164AE101BE89427007D83AA /* Base */,
			);
			name = LaunchScreen.storyboard;
			sourceTree = "<group>";
		};
/* End PBXVariantGroup section */

/* Begin XCBuildConfiguration section */
		E164AE291BE89427007D83AA /* Debug */ = {
			isa = XCBuildConfiguration;
			buildSettings = {
				ALWAYS_SEARCH_USER_PATHS = NO;
				CLANG_CXX_LANGUAGE_STANDARD = "gnu++0x";
				CLANG_CXX_LIBRARY = "libc++";
				CLANG_ENABLE_MODULES = YES;
				CLANG_ENABLE_OBJC_ARC = YES;
				CLANG_WARN_BOOL_CONVERSION = YES;
				CLANG_WARN_CONSTANT_CONVERSION = YES;
				CLANG_WARN_DIRECT_OBJC_ISA_USAGE = YES_ERROR;
				CLANG_WARN_EMPTY_BODY = YES;
				CLANG_WARN_ENUM_CONVERSION = YES;
				CLANG_WARN_INT_CONVERSION = YES;
				CLANG_WARN_OBJC_ROOT_CLASS = YES_ERROR;
				CLANG_WARN_UNREACHABLE_CODE = YES;
				CLANG_WARN__DUPLICATE_METHOD_MATCH = YES;
				"CODE_SIGN_IDENTITY[sdk=iphoneos*]" = "iPhone Developer";
				COPY_PHASE_STRIP = NO;
				DEBUG_INFORMATION_FORMAT = dwarf;
				ENABLE_STRICT_OBJC_MSGSEND = YES;
				ENABLE_TESTABILITY = YES;
				GCC_C_LANGUAGE_STANDARD = gnu99;
				GCC_DYNAMIC_NO_PIC = NO;
				GCC_NO_COMMON_BLOCKS = YES;
				GCC_OPTIMIZATION_LEVEL = 0;
				GCC_PREPROCESSOR_DEFINITIONS = (
					"DEBUG=1",
					"$(inherited)",
				);
				GCC_WARN_64_TO_32_BIT_CONVERSION = YES;
				GCC_WARN_ABOUT_RETURN_TYPE = YES_ERROR;
				GCC_WARN_UNDECLARED_SELECTOR = YES;
				GCC_WARN_UNINITIALIZED_AUTOS = YES_AGGRESSIVE;
				GCC_WARN_UNUSED_FUNCTION = YES;
				GCC_WARN_UNUSED_VARIABLE = YES;
				IPHONEOS_DEPLOYMENT_TARGET = 9.1;
				MTL_ENABLE_DEBUG_INFO = YES;
				ONLY_ACTIVE_ARCH = YES;
				SDKROOT = iphoneos;
				SWIFT_OPTIMIZATION_LEVEL = "-Onone";
				TARGETED_DEVICE_FAMILY = "1,2";
			};
			name = Debug;
		};
		E164AE2A1BE89427007D83AA /* Release */ = {
			isa = XCBuildConfiguration;
			buildSettings = {
				ALWAYS_SEARCH_USER_PATHS = NO;
				CLANG_CXX_LANGUAGE_STANDARD = "gnu++0x";
				CLANG_CXX_LIBRARY = "libc++";
				CLANG_ENABLE_MODULES = YES;
				CLANG_ENABLE_OBJC_ARC = YES;
				CLANG_WARN_BOOL_CONVERSION = YES;
				CLANG_WARN_CONSTANT_CONVERSION = YES;
				CLANG_WARN_DIRECT_OBJC_ISA_USAGE = YES_ERROR;
				CLANG_WARN_EMPTY_BODY = YES;
				CLANG_WARN_ENUM_CONVERSION = YES;
				CLANG_WARN_INT_CONVERSION = YES;
				CLANG_WARN_OBJC_ROOT_CLASS = YES_ERROR;
				CLANG_WARN_UNREACHABLE_CODE = YES;
				CLANG_WARN__DUPLICATE_METHOD_MATCH = YES;
				"CODE_SIGN_IDENTITY[sdk=iphoneos*]" = "iPhone Developer";
				COPY_PHASE_STRIP = NO;
				DEBUG_INFORMATION_FORMAT = "dwarf-with-dsym";
				ENABLE_NS_ASSERTIONS = NO;
				ENABLE_STRICT_OBJC_MSGSEND = YES;
				GCC_C_LANGUAGE_STANDARD = gnu99;
				GCC_NO_COMMON_BLOCKS = YES;
				GCC_WARN_64_TO_32_BIT_CONVERSION = YES;
				GCC_WARN_ABOUT_RETURN_TYPE = YES_ERROR;
				GCC_WARN_UNDECLARED_SELECTOR = YES;
				GCC_WARN_UNINITIALIZED_AUTOS = YES_AGGRESSIVE;
				GCC_WARN_UNUSED_FUNCTION = YES;
				GCC_WARN_UNUSED_VARIABLE = YES;
				IPHONEOS_DEPLOYMENT_TARGET = 9.1;
				MTL_ENABLE_DEBUG_INFO = NO;
				SDKROOT = iphoneos;
				TARGETED_DEVICE_FAMILY = "1,2";
				VALIDATE_PRODUCT = YES;
			};
			name = Release;
		};
		E164AE2C1BE89427007D83AA /* Debug */ = {
			isa = XCBuildConfiguration;
			baseConfigurationReference = 4DD3448FDB63C4C2B1690B7E /* Pods.debug.xcconfig */;
			buildSettings = {
				ASSETCATALOG_COMPILER_APPICON_NAME = AppIcon;
				CODE_SIGN_IDENTITY = "iPhone Developer";
				"CODE_SIGN_IDENTITY[sdk=iphoneos*]" = "iPhone Developer";
				FRAMEWORK_SEARCH_PATHS = (
					"$(inherited)",
					"$(PROJECT_DIR)/build/Release-iphoneos",
					"$(PROJECT_DIR)",
				);
				INFOPLIST_FILE = Calendar/Info.plist;
				LD_RUNPATH_SEARCH_PATHS = "$(inherited) @executable_path/Frameworks";
				PRODUCT_BUNDLE_IDENTIFIER = ww.Calendar;
				PRODUCT_NAME = "$(TARGET_NAME)";
				PROVISIONING_PROFILE = "";
			};
			name = Debug;
		};
		E164AE2D1BE89427007D83AA /* Release */ = {
			isa = XCBuildConfiguration;
			baseConfigurationReference = 8E127B102098432FC5D0669A /* Pods.release.xcconfig */;
			buildSettings = {
				ASSETCATALOG_COMPILER_APPICON_NAME = AppIcon;
				CODE_SIGN_IDENTITY = "iPhone Developer";
				"CODE_SIGN_IDENTITY[sdk=iphoneos*]" = "iPhone Developer";
				FRAMEWORK_SEARCH_PATHS = (
					"$(inherited)",
					"$(PROJECT_DIR)/build/Release-iphoneos",
					"$(PROJECT_DIR)",
				);
				INFOPLIST_FILE = Calendar/Info.plist;
				LD_RUNPATH_SEARCH_PATHS = "$(inherited) @executable_path/Frameworks";
				PRODUCT_BUNDLE_IDENTIFIER = ww.Calendar;
				PRODUCT_NAME = "$(TARGET_NAME)";
				PROVISIONING_PROFILE = "";
			};
			name = Release;
		};
		E164AE2F1BE89427007D83AA /* Debug */ = {
			isa = XCBuildConfiguration;
			buildSettings = {
				BUNDLE_LOADER = "$(TEST_HOST)";
				INFOPLIST_FILE = CalendarTests/Info.plist;
				LD_RUNPATH_SEARCH_PATHS = "$(inherited) @executable_path/Frameworks @loader_path/Frameworks";
				PRODUCT_BUNDLE_IDENTIFIER = ww.CalendarTests;
				PRODUCT_NAME = "$(TARGET_NAME)";
				TEST_HOST = "$(BUILT_PRODUCTS_DIR)/Calendar.app/Calendar";
			};
			name = Debug;
		};
		E164AE301BE89427007D83AA /* Release */ = {
			isa = XCBuildConfiguration;
			buildSettings = {
				BUNDLE_LOADER = "$(TEST_HOST)";
				INFOPLIST_FILE = CalendarTests/Info.plist;
				LD_RUNPATH_SEARCH_PATHS = "$(inherited) @executable_path/Frameworks @loader_path/Frameworks";
				PRODUCT_BUNDLE_IDENTIFIER = ww.CalendarTests;
				PRODUCT_NAME = "$(TARGET_NAME)";
				TEST_HOST = "$(BUILT_PRODUCTS_DIR)/Calendar.app/Calendar";
			};
			name = Release;
		};
		E164AE321BE89427007D83AA /* Debug */ = {
			isa = XCBuildConfiguration;
			buildSettings = {
				INFOPLIST_FILE = CalendarUITests/Info.plist;
				LD_RUNPATH_SEARCH_PATHS = "$(inherited) @executable_path/Frameworks @loader_path/Frameworks";
				PRODUCT_BUNDLE_IDENTIFIER = ww.CalendarUITests;
				PRODUCT_NAME = "$(TARGET_NAME)";
				TEST_TARGET_NAME = Calendar;
				USES_XCTRUNNER = YES;
			};
			name = Debug;
		};
		E164AE331BE89427007D83AA /* Release */ = {
			isa = XCBuildConfiguration;
			buildSettings = {
				INFOPLIST_FILE = CalendarUITests/Info.plist;
				LD_RUNPATH_SEARCH_PATHS = "$(inherited) @executable_path/Frameworks @loader_path/Frameworks";
				PRODUCT_BUNDLE_IDENTIFIER = ww.CalendarUITests;
				PRODUCT_NAME = "$(TARGET_NAME)";
				TEST_TARGET_NAME = Calendar;
				USES_XCTRUNNER = YES;
			};
			name = Release;
		};
/* End XCBuildConfiguration section */

/* Begin XCConfigurationList section */
		E164ADFE1BE89427007D83AA /* Build configuration list for PBXProject "Calendar" */ = {
			isa = XCConfigurationList;
			buildConfigurations = (
				E164AE291BE89427007D83AA /* Debug */,
				E164AE2A1BE89427007D83AA /* Release */,
			);
			defaultConfigurationIsVisible = 0;
			defaultConfigurationName = Release;
		};
		E164AE2B1BE89427007D83AA /* Build configuration list for PBXNativeTarget "Calendar" */ = {
			isa = XCConfigurationList;
			buildConfigurations = (
				E164AE2C1BE89427007D83AA /* Debug */,
				E164AE2D1BE89427007D83AA /* Release */,
			);
			defaultConfigurationIsVisible = 0;
			defaultConfigurationName = Release;
		};
		E164AE2E1BE89427007D83AA /* Build configuration list for PBXNativeTarget "CalendarTests" */ = {
			isa = XCConfigurationList;
			buildConfigurations = (
				E164AE2F1BE89427007D83AA /* Debug */,
				E164AE301BE89427007D83AA /* Release */,
			);
			defaultConfigurationIsVisible = 0;
			defaultConfigurationName = Release;
		};
		E164AE311BE89427007D83AA /* Build configuration list for PBXNativeTarget "CalendarUITests" */ = {
			isa = XCConfigurationList;
			buildConfigurations = (
				E164AE321BE89427007D83AA /* Debug */,
				E164AE331BE89427007D83AA /* Release */,
			);
			defaultConfigurationIsVisible = 0;
			defaultConfigurationName = Release;
		};
/* End XCConfigurationList section */

/* Begin XCVersionGroup section */
		E1A278621C07919000983D1E /* Calendar.xcdatamodeld */ = {
			isa = XCVersionGroup;
			children = (
				E1A278631C07919000983D1E /* Calendar.xcdatamodel */,
			);
			currentVersion = E1A278631C07919000983D1E /* Calendar.xcdatamodel */;
			path = Calendar.xcdatamodeld;
			sourceTree = "<group>";
			versionGroupType = wrapper.xcdatamodel;
		};
/* End XCVersionGroup section */
	};
	rootObject = E164ADFB1BE89427007D83AA /* Project object */;
}
